Microsoft Visual Studio Solution File, Format Version 12.00
# Visual Studio 15
VisualStudioVersion = 15.0.27130.2027
MinimumVisualStudioVersion = 10.0.40219.1
Project("{FAE04EC0-301F-11D3-BF4B-00C04F79EFBC}") = "Test.Android", "Test\Test\Test.Android\Test.Android.csproj", "{585CE2F5-1C94-4EE7-A64E-A873D55A6109}"
EndProject
Project("{FAE04EC0-301F-11D3-BF4B-00C04F79EFBC}") = "Test.iOS", "Test\Test\Test.iOS\Test.iOS.csproj", "{08150530-E504-440B-924C-65A6DF741376}"
EndProject
Project("{FAE04EC0-301F-11D3-BF4B-00C04F79EFBC}") = "Test", "Test\Test\Test\Test.csproj", "{C419F1D0-0C72-476B-9924-DC5D6FA7385E}"
EndProject
Project("{FAE04EC0-301F-11D3-BF4B-00C04F79EFBC}") = "Checky", "Src\Checky.csproj", "{7EE9C5BF-67D8-4856-9262-24FA30272051}"
EndProject
Global
	GlobalSection(SolutionConfigurationPlatforms) = preSolution
		Ad-Hoc|Any CPU = Ad-Hoc|Any CPU
		Ad-Hoc|iPhone = Ad-Hoc|iPhone
		Ad-Hoc|iPhoneSimulator = Ad-Hoc|iPhoneSimulator
		AppStore|Any CPU = AppStore|Any CPU
		AppStore|iPhone = AppStore|iPhone
		AppStore|iPhoneSimulator = AppStore|iPhoneSimulator
		Debug|Any CPU = Debug|Any CPU
		Debug|iPhone = Debug|iPhone
		Debug|iPhoneSimulator = Debug|iPhoneSimulator
		Release|Any CPU = Release|Any CPU
		Release|iPhone = Release|iPhone
		Release|iPhoneSimulator = Release|iPhoneSimulator
	EndGlobalSection
	GlobalSection(ProjectConfigurationPlatforms) = postSolution
		{585CE2F5-1C94-4EE7-A64E-A873D55A6109}.Ad-Hoc|Any CPU.ActiveCfg = Release|Any CPU
		{585CE2F5-1C94-4EE7-A64E-A873D55A6109}.Ad-Hoc|Any CPU.Build.0 = Release|Any CPU
		{585CE2F5-1C94-4EE7-A64E-A873D55A6109}.Ad-Hoc|Any CPU.Deploy.0 = Release|Any CPU
		{585CE2F5-1C94-4EE7-A64E-A873D55A6109}.Ad-Hoc|iPhone.ActiveCfg = Release|Any CPU
		{585CE2F5-1C94-4EE7-A64E-A873D55A6109}.Ad-Hoc|iPhone.Build.0 = Release|Any CPU
		{585CE2F5-1C94-4EE7-A64E-A873D55A6109}.Ad-Hoc|iPhone.Deploy.0 = Release|Any CPU
		{585CE2F5-1C94-4EE7-A64E-A873D55A6109}.Ad-Hoc|iPhoneSimulator.ActiveCfg = Release|Any CPU
		{585CE2F5-1C94-4EE7-A64E-A873D55A6109}.Ad-Hoc|iPhoneSimulator.Build.0 = Release|Any CPU
		{585CE2F5-1C94-4EE7-A64E-A873D55A6109}.Ad-Hoc|iPhoneSimulator.Deploy.0 = Release|Any CPU
		{585CE2F5-1C94-4EE7-A64E-A873D55A6109}.AppStore|Any CPU.ActiveCfg = Release|Any CPU
		{585CE2F5-1C94-4EE7-A64E-A873D55A6109}.AppStore|Any CPU.Build.0 = Release|Any CPU
		{585CE2F5-1C94-4EE7-A64E-A873D55A6109}.AppStore|Any CPU.Deploy.0 = Release|Any CPU
		{585CE2F5-1C94-4EE7-A64E-A873D55A6109}.AppStore|iPhone.ActiveCfg = Release|Any CPU
		{585CE2F5-1C94-4EE7-A64E-A873D55A6109}.AppStore|iPhone.Build.0 = Release|Any CPU
		{585CE2F5-1C94-4EE7-A64E-A873D55A6109}.AppStore|iPhone.Deploy.0 = Release|Any CPU
		{585CE2F5-1C94-4EE7-A64E-A873D55A6109}.AppStore|iPhoneSimulator.ActiveCfg = Release|Any CPU
		{585CE2F5-1C94-4EE7-A64E-A873D55A6109}.AppStore|iPhoneSimulator.Build.0 = Release|Any CPU
		{585CE2F5-1C94-4EE7-A64E-A873D55A6109}.AppStore|iPhoneSimulator.Deploy.0 = Release|Any CPU
		{585CE2F5-1C94-4EE7-A64E-A873D55A6109}.Debug|Any CPU.ActiveCfg = Debug|Any CPU
		{585CE2F5-1C94-4EE7-A64E-A873D55A6109}.Debug|Any CPU.Build.0 = Debug|Any CPU
		{585CE2F5-1C94-4EE7-A64E-A873D55A6109}.Debug|Any CPU.Deploy.0 = Debug|Any CPU
		{585CE2F5-1C94-4EE7-A64E-A873D55A6109}.Debug|iPhone.ActiveCfg = Debug|Any CPU
		{585CE2F5-1C94-4EE7-A64E-A873D55A6109}.Debug|iPhone.Build.0 = Debug|Any CPU
		{585CE2F5-1C94-4EE7-A64E-A873D55A6109}.Debug|iPhone.Deploy.0 = Debug|Any CPU
		{585CE2F5-1C94-4EE7-A64E-A873D55A6109}.Debug|iPhoneSimulator.ActiveCfg = Debug|Any CPU
		{585CE2F5-1C94-4EE7-A64E-A873D55A6109}.Debug|iPhoneSimulator.Build.0 = Debug|Any CPU
		{585CE2F5-1C94-4EE7-A64E-A873D55A6109}.Debug|iPhoneSimulator.Deploy.0 = Debug|Any CPU
		{585CE2F5-1C94-4EE7-A64E-A873D55A6109}.Release|Any CPU.ActiveCfg = Release|Any CPU
		{585CE2F5-1C94-4EE7-A64E-A873D55A6109}.Release|Any CPU.Build.0 = Release|Any CPU
		{585CE2F5-1C94-4EE7-A64E-A873D55A6109}.Release|Any CPU.Deploy.0 = Release|Any CPU
		{585CE2F5-1C94-4EE7-A64E-A873D55A6109}.Release|iPhone.ActiveCfg = Release|Any CPU
		{585CE2F5-1C94-4EE7-A64E-A873D55A6109}.Release|iPhone.Build.0 = Release|Any CPU
		{585CE2F5-1C94-4EE7-A64E-A873D55A6109}.Release|iPhone.Deploy.0 = Release|Any CPU
		{585CE2F5-1C94-4EE7-A64E-A873D55A6109}.Release|iPhoneSimulator.ActiveCfg = Release|Any CPU
		{585CE2F5-1C94-4EE7-A64E-A873D55A6109}.Release|iPhoneSimulator.Build.0 = Release|Any CPU
		{585CE2F5-1C94-4EE7-A64E-A873D55A6109}.Release|iPhoneSimulator.Deploy.0 = Release|Any CPU
		{08150530-E504-440B-924C-65A6DF741376}.Ad-Hoc|Any CPU.ActiveCfg = Ad-Hoc|iPhone
		{08150530-E504-440B-924C-65A6DF741376}.Ad-Hoc|iPhone.ActiveCfg = Ad-Hoc|iPhone
		{08150530-E504-440B-924C-65A6DF741376}.Ad-Hoc|iPhone.Build.0 = Ad-Hoc|iPhone
		{08150530-E504-440B-924C-65A6DF741376}.Ad-Hoc|iPhoneSimulator.ActiveCfg = Ad-Hoc|iPhoneSimulator
		{08150530-E504-440B-924C-65A6DF741376}.Ad-Hoc|iPhoneSimulator.Build.0 = Ad-Hoc|iPhoneSimulator
		{08150530-E504-440B-924C-65A6DF741376}.AppStore|Any CPU.ActiveCfg = AppStore|iPhone
		{08150530-E504-440B-924C-65A6DF741376}.AppStore|iPhone.ActiveCfg = AppStore|iPhone
		{08150530-E504-440B-924C-65A6DF741376}.AppStore|iPhone.Build.0 = AppStore|iPhone
		{08150530-E504-440B-924C-65A6DF741376}.AppStore|iPhoneSimulator.ActiveCfg = AppStore|iPhoneSimulator
		{08150530-E504-440B-924C-65A6DF741376}.AppStore|iPhoneSimulator.Build.0 = AppStore|iPhoneSimulator
		{08150530-E504-440B-924C-65A6DF741376}.Debug|Any CPU.ActiveCfg = Debug|iPhone
		{08150530-E504-440B-924C-65A6DF741376}.Debug|iPhone.ActiveCfg = Debug|iPhone
		{08150530-E504-440B-924C-65A6DF741376}.Debug|iPhone.Build.0 = Debug|iPhone
		{08150530-E504-440B-924C-65A6DF741376}.Debug|iPhoneSimulator.ActiveCfg = Debug|iPhoneSimulator
		{08150530-E504-440B-924C-65A6DF741376}.Debug|iPhoneSimulator.Build.0 = Debug|iPhoneSimulator
		{08150530-E504-440B-924C-65A6DF741376}.Release|Any CPU.ActiveCfg = Release|iPhone
		{08150530-E504-440B-924C-65A6DF741376}.Release|iPhone.ActiveCfg = Release|iPhone
		{08150530-E504-440B-924C-65A6DF741376}.Release|iPhone.Build.0 = Release|iPhone
		{08150530-E504-440B-924C-65A6DF741376}.Release|iPhoneSimulator.ActiveCfg = Release|iPhoneSimulator
		{08150530-E504-440B-924C-65A6DF741376}.Release|iPhoneSimulator.Build.0 = Release|iPhoneSimulator
		{C419F1D0-0C72-476B-9924-DC5D6FA7385E}.Ad-Hoc|Any CPU.ActiveCfg = Debug|Any CPU
		{C419F1D0-0C72-476B-9924-DC5D6FA7385E}.Ad-Hoc|Any CPU.Build.0 = Debug|Any CPU
		{C419F1D0-0C72-476B-9924-DC5D6FA7385E}.Ad-Hoc|iPhone.ActiveCfg = Debug|Any CPU
		{C419F1D0-0C72-476B-9924-DC5D6FA7385E}.Ad-Hoc|iPhone.Build.0 = Debug|Any CPU
		{C419F1D0-0C72-476B-9924-DC5D6FA7385E}.Ad-Hoc|iPhoneSimulator.ActiveCfg = Debug|Any CPU
		{C419F1D0-0C72-476B-9924-DC5D6FA7385E}.Ad-Hoc|iPhoneSimulator.Build.0 = Debug|Any CPU
		{C419F1D0-0C72-476B-9924-DC5D6FA7385E}.AppStore|Any CPU.ActiveCfg = Debug|Any CPU
		{C419F1D0-0C72-476B-9924-DC5D6FA7385E}.AppStore|Any CPU.Build.0 = Debug|Any CPU
		{C419F1D0-0C72-476B-9924-DC5D6FA7385E}.AppStore|iPhone.ActiveCfg = Debug|Any CPU
		{C419F1D0-0C72-476B-9924-DC5D6FA7385E}.AppStore|iPhone.Build.0 = Debug|Any CPU
		{C419F1D0-0C72-476B-9924-DC5D6FA7385E}.AppStore|iPhoneSimulator.ActiveCfg = Debug|Any CPU
		{C419F1D0-0C72-476B-9924-DC5D6FA7385E}.AppStore|iPhoneSimulator.Build.0 = Debug|Any CPU
		{C419F1D0-0C72-476B-9924-DC5D6FA7385E}.Debug|Any CPU.ActiveCfg = Debug|Any CPU
		{C419F1D0-0C72-476B-9924-DC5D6FA7385E}.Debug|Any CPU.Build.0 = Debug|Any CPU
		{C419F1D0-0C72-476B-9924-DC5D6FA7385E}.Debug|iPhone.ActiveCfg = Debug|Any CPU
		{C419F1D0-0C72-476B-9924-DC5D6FA7385E}.Debug|iPhone.Build.0 = Debug|Any CPU
		{C419F1D0-0C72-476B-9924-DC5D6FA7385E}.Debug|iPhoneSimulator.ActiveCfg = Debug|Any CPU
		{C419F1D0-0C72-476B-9924-DC5D6FA7385E}.Debug|iPhoneSimulator.Build.0 = Debug|Any CPU
		{C419F1D0-0C72-476B-9924-DC5D6FA7385E}.Release|Any CPU.ActiveCfg = Release|Any CPU
		{C419F1D0-0C72-476B-9924-DC5D6FA7385E}.Release|Any CPU.Build.0 = Release|Any CPU
		{C419F1D0-0C72-476B-9924-DC5D6FA7385E}.Release|iPhone.ActiveCfg = Release|Any CPU
		{C419F1D0-0C72-476B-9924-DC5D6FA7385E}.Release|iPhone.Build.0 = Release|Any CPU
		{C419F1D0-0C72-476B-9924-DC5D6FA7385E}.Release|iPhoneSimulator.ActiveCfg = Release|Any CPU
		{C419F1D0-0C72-476B-9924-DC5D6FA7385E}.Release|iPhoneSimulator.Build.0 = Release|Any CPU
		{7EE9C5BF-67D8-4856-9262-24FA30272051}.Ad-Hoc|Any CPU.ActiveCfg = Release|Any CPU
		{7EE9C5BF-67D8-4856-9262-24FA30272051}.Ad-Hoc|Any CPU.Build.0 = Release|Any CPU
		{7EE9C5BF-67D8-4856-9262-24FA30272051}.Ad-Hoc|iPhone.ActiveCfg = Release|Any CPU
		{7EE9C5BF-67D8-4856-9262-24FA30272051}.Ad-Hoc|iPhone.Build.0 = Release|Any CPU
		{7EE9C5BF-67D8-4856-9262-24FA30272051}.Ad-Hoc|iPhoneSimulator.ActiveCfg = Release|Any CPU
		{7EE9C5BF-67D8-4856-9262-24FA30272051}.Ad-Hoc|iPhoneSimulator.Build.0 = Release|Any CPU
		{7EE9C5BF-67D8-4856-9262-24FA30272051}.AppStore|Any CPU.ActiveCfg = Release|Any CPU
		{7EE9C5BF-67D8-4856-9262-24FA30272051}.AppStore|Any CPU.Build.0 = Release|Any CPU
		{7EE9C5BF-67D8-4856-9262-24FA30272051}.AppStore|iPhone.ActiveCfg = Release|Any CPU
		{7EE9C5BF-67D8-4856-9262-24FA30272051}.AppStore|iPhone.Build.0 = Release|Any CPU
		{7EE9C5BF-67D8-4856-9262-24FA30272051}.AppStore|iPhoneSimulator.ActiveCfg = Release|Any CPU
		{7EE9C5BF-67D8-4856-9262-24FA30272051}.AppStore|iPhoneSimulator.Build.0 = Release|Any CPU
		{7EE9C5BF-67D8-4856-9262-24FA30272051}.Debug|Any CPU.ActiveCfg = Debug|Any CPU
		{7EE9C5BF-67D8-4856-9262-24FA30272051}.Debug|Any CPU.Build.0 = Debug|Any CPU
		{7EE9C5BF-67D8-4856-9262-24FA30272051}.Debug|iPhone.ActiveCfg = Debug|Any CPU
		{7EE9C5BF-67D8-4856-9262-24FA30272051}.Debug|iPhone.Build.0 = Debug|Any CPU
		{7EE9C5BF-67D8-4856-9262-24FA30272051}.Debug|iPhoneSimulator.ActiveCfg = Debug|Any CPU
		{7EE9C5BF-67D8-4856-9262-24FA30272051}.Debug|iPhoneSimulator.Build.0 = Debug|Any CPU
		{7EE9C5BF-67D8-4856-9262-24FA30272051}.Release|Any CPU.ActiveCfg = Release|Any CPU
		{7EE9C5BF-67D8-4856-9262-24FA30272051}.Release|Any CPU.Build.0 = Release|Any CPU
		{7EE9C5BF-67D8-4856-9262-24FA30272051}.Release|iPhone.ActiveCfg = Release|Any CPU
		{7EE9C5BF-67D8-4856-9262-24FA30272051}.Release|iPhone.Build.0 = Release|Any CPU
		{7EE9C5BF-67D8-4856-9262-24FA30272051}.Release|iPhoneSimulator.ActiveCfg = Release|Any CPU
		{7EE9C5BF-67D8-4856-9262-24FA30272051}.Release|iPhoneSimulator.Build.0 = Release|Any CPU
	EndGlobalSection
	GlobalSection(SolutionProperties) = preSolution
		HideSolutionNode = FALSE
	EndGlobalSection
	GlobalSection(ExtensibilityGlobals) = postSolution
		SolutionGuid = {F6C8831F-011F-4085-B1D3-D4D7B2128704}
	EndGlobalSection
EndGlobal
